
Microsoft Visual Studio Solution File, Format Version 12.00
# Visual Studio Version 17
VisualStudioVersion = 17.8.34309.116
MinimumVisualStudioVersion = 10.0.40219.1
Project("{FAE04EC0-301F-11D3-BF4B-00C04F79EFBC}") = "Temp", "Temp\Temp.csproj", "{A9A25236-ABDF-42FC-873B-BE1726CD418F}"
EndProject
Global
	GlobalSection(SolutionConfigurationPlatforms) = preSolution
		Debug|Any CPU = Debug|Any CPU
		Release|Any CPU = Release|Any CPU
	EndGlobalSection
	GlobalSection(ProjectConfigurationPlatforms) = postSolution
		{A9A25236-ABDF-42FC-873B-BE1726CD418F}.Debug|Any CPU.ActiveCfg = Debug|Any CPU
		{A9A25236-ABDF-42FC-873B-BE1726CD418F}.Debug|Any CPU.Build.0 = Debug|Any CPU
		{A9A25236-ABDF-42FC-873B-BE1726CD418F}.Release|Any CPU.ActiveCfg = Release|Any CPU
		{A9A25236-ABDF-42FC-873B-BE1726CD418F}.Release|Any CPU.Build.0 = Release|Any CPU
	EndGlobalSection
	GlobalSection(SolutionProperties) = preSolution
		HideSolutionNode = FALSE
	EndGlobalSection
	GlobalSection(ExtensibilityGlobals) = postSolution
		SolutionGuid = {C73A08C9-EB14-4B98-8551-DB3795323855}
	EndGlobalSection
EndGlobal
